<Solution>
  <Configurations>
    <Platform Name="x64" />
    <Platform Name="x86" />
  </Configurations>
  <Project Path="00_cppfoundations/00_00_ifstatements/ifstatements/ifstatements.vcxproj" Id="4aa56b26-db87-48af-b34b-adb0ea163bb3" />
  <Project Path="GraphicsProgramming Diary.vcxproj" Id="8f9a7a60-66f5-45fe-b205-0fba60635126" />
</Solution>
